// !$*UTF8*$!
{
	archiveVersion = 1;
	classes = {
	};
	objectVersion = 56;
	objects = {

/* Begin PBXBuildFile section */
		3D37228929AEC93A002510B1 /* CampgroundModels.swift in Sources */ = {isa = PBXBuildFile; fileRef = 3D37228829AEC93A002510B1 /* CampgroundModels.swift */; };
		3D409025299C6D5B00D0991D /* Open_CampApp.swift in Sources */ = {isa = PBXBuildFile; fileRef = 3D409024299C6D5B00D0991D /* Open_CampApp.swift */; };
		3D409027299C6D5B00D0991D /* SignupView.swift in Sources */ = {isa = PBXBuildFile; fileRef = 3D409026299C6D5B00D0991D /* SignupView.swift */; };
		3D409029299C6D5D00D0991D /* Assets.xcassets in Resources */ = {isa = PBXBuildFile; fileRef = 3D409028299C6D5D00D0991D /* Assets.xcassets */; };
		3D40902C299C6D5D00D0991D /* Preview Assets.xcassets in Resources */ = {isa = PBXBuildFile; fileRef = 3D40902B299C6D5D00D0991D /* Preview Assets.xcassets */; };
		3D409036299C6D5D00D0991D /* Open_CampTests.swift in Sources */ = {isa = PBXBuildFile; fileRef = 3D409035299C6D5D00D0991D /* Open_CampTests.swift */; };
		3D409040299C6D5D00D0991D /* Open_CampUITests.swift in Sources */ = {isa = PBXBuildFile; fileRef = 3D40903F299C6D5D00D0991D /* Open_CampUITests.swift */; };
		3D409042299C6D5D00D0991D /* Open_CampUITestsLaunchTests.swift in Sources */ = {isa = PBXBuildFile; fileRef = 3D409041299C6D5D00D0991D /* Open_CampUITestsLaunchTests.swift */; };
		3D40904F299C6DE600D0991D /* GoogleService-Info.plist in Resources */ = {isa = PBXBuildFile; fileRef = 3D40904E299C6DE600D0991D /* GoogleService-Info.plist */; };
		3D409052299C6EE100D0991D /* FirebaseAnalytics in Frameworks */ = {isa = PBXBuildFile; productRef = 3D409051299C6EE100D0991D /* FirebaseAnalytics */; };
		3D409054299C6EE100D0991D /* FirebaseAnalyticsSwift in Frameworks */ = {isa = PBXBuildFile; productRef = 3D409053299C6EE100D0991D /* FirebaseAnalyticsSwift */; };
		3D409056299C6EE100D0991D /* FirebaseAuth in Frameworks */ = {isa = PBXBuildFile; productRef = 3D409055299C6EE100D0991D /* FirebaseAuth */; };
		3D409058299C6EE100D0991D /* FirebaseDatabaseSwift in Frameworks */ = {isa = PBXBuildFile; productRef = 3D409057299C6EE100D0991D /* FirebaseDatabaseSwift */; };
		3D40905A299C6EE100D0991D /* FirebaseFirestore in Frameworks */ = {isa = PBXBuildFile; productRef = 3D409059299C6EE100D0991D /* FirebaseFirestore */; };
		3D40905C299C6EE100D0991D /* FirebaseFirestoreSwift in Frameworks */ = {isa = PBXBuildFile; productRef = 3D40905B299C6EE100D0991D /* FirebaseFirestoreSwift */; };
		3D40905E299C6EE100D0991D /* FirebaseStorage in Frameworks */ = {isa = PBXBuildFile; productRef = 3D40905D299C6EE100D0991D /* FirebaseStorage */; };
		3D478DD629DE3A3D00C4DE8C /* ViewTracker.swift in Sources */ = {isa = PBXBuildFile; fileRef = 3D478DD529DE3A3D00C4DE8C /* ViewTracker.swift */; };
		3D720B8229BAA57700C16595 /* CreateTracker.swift in Sources */ = {isa = PBXBuildFile; fileRef = 3D720B8129BAA57600C16595 /* CreateTracker.swift */; };
		3D720B8429BFBFC700C16595 /* FirebaseModels.swift in Sources */ = {isa = PBXBuildFile; fileRef = 3D720B8329BFBFC700C16595 /* FirebaseModels.swift */; };
		3DA0D17629AD766100F47ED6 /* LoginView.swift in Sources */ = {isa = PBXBuildFile; fileRef = 3DA0D17529AD766100F47ED6 /* LoginView.swift */; };
		3DA0D17A29AD87B700F47ED6 /* CampsiteTrackingView.swift in Sources */ = {isa = PBXBuildFile; fileRef = 3DA0D17929AD87B600F47ED6 /* CampsiteTrackingView.swift */; };
		3DA0D17C29AD8CD300F47ED6 /* AddTrackerView.swift in Sources */ = {isa = PBXBuildFile; fileRef = 3DA0D17B29AD8CD300F47ED6 /* AddTrackerView.swift */; };
		3DA0D17E29AD8D1F00F47ED6 /* AccountView.swift in Sources */ = {isa = PBXBuildFile; fileRef = 3DA0D17D29AD8D1F00F47ED6 /* AccountView.swift */; };
		3DA0D18029AD8DA600F47ED6 /* MainView.swift in Sources */ = {isa = PBXBuildFile; fileRef = 3DA0D17F29AD8DA600F47ED6 /* MainView.swift */; };
		3DA0D18329AD9FDA00F47ED6 /* ContentView.swift in Sources */ = {isa = PBXBuildFile; fileRef = 3DA0D18229AD9FDA00F47ED6 /* ContentView.swift */; };
/* End PBXBuildFile section */

/* Begin PBXContainerItemProxy section */
		3D409032299C6D5D00D0991D /* PBXContainerItemProxy */ = {
			isa = PBXContainerItemProxy;
			containerPortal = 3D409019299C6D5B00D0991D /* Project object */;
			proxyType = 1;
			remoteGlobalIDString = 3D409020299C6D5B00D0991D;
			remoteInfo = "Open Camp";
		};
		3D40903C299C6D5D00D0991D /* PBXContainerItemProxy */ = {
			isa = PBXContainerItemProxy;
			containerPortal = 3D409019299C6D5B00D0991D /* Project object */;
			proxyType = 1;
			remoteGlobalIDString = 3D409020299C6D5B00D0991D;
			remoteInfo = "Open Camp";
		};
/* End PBXContainerItemProxy section */

/* Begin PBXFileReference section */
		3D37228829AEC93A002510B1 /* CampgroundModels.swift */ = {isa = PBXFileReference; lastKnownFileType = sourcecode.swift; path = CampgroundModels.swift; sourceTree = "<group>"; };
		3D409021299C6D5B00D0991D /* Open Camp.app */ = {isa = PBXFileReference; explicitFileType = wrapper.application; includeInIndex = 0; path = "Open Camp.app"; sourceTree = BUILT_PRODUCTS_DIR; };
		3D409024299C6D5B00D0991D /* Open_CampApp.swift */ = {isa = PBXFileReference; lastKnownFileType = sourcecode.swift; path = Open_CampApp.swift; sourceTree = "<group>"; };
		3D409026299C6D5B00D0991D /* SignupView.swift */ = {isa = PBXFileReference; lastKnownFileType = sourcecode.swift; path = SignupView.swift; sourceTree = "<group>"; };
		3D409028299C6D5D00D0991D /* Assets.xcassets */ = {isa = PBXFileReference; lastKnownFileType = folder.assetcatalog; path = Assets.xcassets; sourceTree = "<group>"; };
		3D40902B299C6D5D00D0991D /* Preview Assets.xcassets */ = {isa = PBXFileReference; lastKnownFileType = folder.assetcatalog; path = "Preview Assets.xcassets"; sourceTree = "<group>"; };
		3D409031299C6D5D00D0991D /* Open CampTests.xctest */ = {isa = PBXFileReference; explicitFileType = wrapper.cfbundle; includeInIndex = 0; path = "Open CampTests.xctest"; sourceTree = BUILT_PRODUCTS_DIR; };
		3D409035299C6D5D00D0991D /* Open_CampTests.swift */ = {isa = PBXFileReference; lastKnownFileType = sourcecode.swift; path = Open_CampTests.swift; sourceTree = "<group>"; };
		3D40903B299C6D5D00D0991D /* Open CampUITests.xctest */ = {isa = PBXFileReference; explicitFileType = wrapper.cfbundle; includeInIndex = 0; path = "Open CampUITests.xctest"; sourceTree = BUILT_PRODUCTS_DIR; };
		3D40903F299C6D5D00D0991D /* Open_CampUITests.swift */ = {isa = PBXFileReference; lastKnownFileType = sourcecode.swift; path = Open_CampUITests.swift; sourceTree = "<group>"; };
		3D409041299C6D5D00D0991D /* Open_CampUITestsLaunchTests.swift */ = {isa = PBXFileReference; lastKnownFileType = sourcecode.swift; path = Open_CampUITestsLaunchTests.swift; sourceTree = "<group>"; };
		3D40904E299C6DE600D0991D /* GoogleService-Info.plist */ = {isa = PBXFileReference; fileEncoding = 4; lastKnownFileType = text.plist.xml; name = "GoogleService-Info.plist"; path = "../../../../../Downloads/GoogleService-Info.plist"; sourceTree = "<group>"; };
		3D478DD529DE3A3D00C4DE8C /* ViewTracker.swift */ = {isa = PBXFileReference; lastKnownFileType = sourcecode.swift; path = ViewTracker.swift; sourceTree = "<group>"; };
		3D720B8129BAA57600C16595 /* CreateTracker.swift */ = {isa = PBXFileReference; lastKnownFileType = sourcecode.swift; path = CreateTracker.swift; sourceTree = "<group>"; };
		3D720B8329BFBFC700C16595 /* FirebaseModels.swift */ = {isa = PBXFileReference; lastKnownFileType = sourcecode.swift; path = FirebaseModels.swift; sourceTree = "<group>"; };
		3DA0D17529AD766100F47ED6 /* LoginView.swift */ = {isa = PBXFileReference; lastKnownFileType = sourcecode.swift; path = LoginView.swift; sourceTree = "<group>"; };
		3DA0D17929AD87B600F47ED6 /* CampsiteTrackingView.swift */ = {isa = PBXFileReference; lastKnownFileType = sourcecode.swift; path = CampsiteTrackingView.swift; sourceTree = "<group>"; };
		3DA0D17B29AD8CD300F47ED6 /* AddTrackerView.swift */ = {isa = PBXFileReference; lastKnownFileType = sourcecode.swift; path = AddTrackerView.swift; sourceTree = "<group>"; };
		3DA0D17D29AD8D1F00F47ED6 /* AccountView.swift */ = {isa = PBXFileReference; lastKnownFileType = sourcecode.swift; path = AccountView.swift; sourceTree = "<group>"; };
		3DA0D17F29AD8DA600F47ED6 /* MainView.swift */ = {isa = PBXFileReference; lastKnownFileType = sourcecode.swift; path = MainView.swift; sourceTree = "<group>"; };
		3DA0D18229AD9FDA00F47ED6 /* ContentView.swift */ = {isa = PBXFileReference; lastKnownFileType = sourcecode.swift; path = ContentView.swift; sourceTree = "<group>"; };
/* End PBXFileReference section */

/* Begin PBXFrameworksBuildPhase section */
		3D40901E299C6D5B00D0991D /* Frameworks */ = {
			isa = PBXFrameworksBuildPhase;
			buildActionMask = 2147483647;
			files = (
				3D409058299C6EE100D0991D /* FirebaseDatabaseSwift in Frameworks */,
				3D409054299C6EE100D0991D /* FirebaseAnalyticsSwift in Frameworks */,
				3D409056299C6EE100D0991D /* FirebaseAuth in Frameworks */,
				3D40905A299C6EE100D0991D /* FirebaseFirestore in Frameworks */,
				3D40905E299C6EE100D0991D /* FirebaseStorage in Frameworks */,
				3D409052299C6EE100D0991D /* FirebaseAnalytics in Frameworks */,
				3D40905C299C6EE100D0991D /* FirebaseFirestoreSwift in Frameworks */,
			);
			runOnlyForDeploymentPostprocessing = 0;
		};
		3D40902E299C6D5D00D0991D /* Frameworks */ = {
			isa = PBXFrameworksBuildPhase;
			buildActionMask = 2147483647;
			files = (
			);
			runOnlyForDeploymentPostprocessing = 0;
		};
		3D409038299C6D5D00D0991D /* Frameworks */ = {
			isa = PBXFrameworksBuildPhase;
			buildActionMask = 2147483647;
			files = (
			);
			runOnlyForDeploymentPostprocessing = 0;
		};
/* End PBXFrameworksBuildPhase section */

/* Begin PBXGroup section */
		3D409018299C6D5B00D0991D = {
			isa = PBXGroup;
			children = (
				3D409023299C6D5B00D0991D /* Open Camp */,
				3D409034299C6D5D00D0991D /* Open CampTests */,
				3D40903E299C6D5D00D0991D /* Open CampUITests */,
				3D409022299C6D5B00D0991D /* Products */,
				3DA0D18129AD98E400F47ED6 /* Frameworks */,
			);
			sourceTree = "<group>";
		};
		3D409022299C6D5B00D0991D /* Products */ = {
			isa = PBXGroup;
			children = (
				3D409021299C6D5B00D0991D /* Open Camp.app */,
				3D409031299C6D5D00D0991D /* Open CampTests.xctest */,
				3D40903B299C6D5D00D0991D /* Open CampUITests.xctest */,
			);
			name = Products;
			sourceTree = "<group>";
		};
		3D409023299C6D5B00D0991D /* Open Camp */ = {
			isa = PBXGroup;
			children = (
				3D409024299C6D5B00D0991D /* Open_CampApp.swift */,
				3DA0D18229AD9FDA00F47ED6 /* ContentView.swift */,
				3D37228829AEC93A002510B1 /* CampgroundModels.swift */,
				3D720B8329BFBFC700C16595 /* FirebaseModels.swift */,
				3DA0D17829AD85BB00F47ED6 /* MainViews */,
				3DA0D17729AD85AE00F47ED6 /* Onboarding */,
				3D409028299C6D5D00D0991D /* Assets.xcassets */,
				3D40904E299C6DE600D0991D /* GoogleService-Info.plist */,
				3D40902A299C6D5D00D0991D /* Preview Content */,
			);
			path = "Open Camp";
			sourceTree = "<group>";
		};
		3D40902A299C6D5D00D0991D /* Preview Content */ = {
			isa = PBXGroup;
			children = (
				3D40902B299C6D5D00D0991D /* Preview Assets.xcassets */,
			);
			path = "Preview Content";
			sourceTree = "<group>";
		};
		3D409034299C6D5D00D0991D /* Open CampTests */ = {
			isa = PBXGroup;
			children = (
				3D409035299C6D5D00D0991D /* Open_CampTests.swift */,
			);
			path = "Open CampTests";
			sourceTree = "<group>";
		};
		3D40903E299C6D5D00D0991D /* Open CampUITests */ = {
			isa = PBXGroup;
			children = (
				3D40903F299C6D5D00D0991D /* Open_CampUITests.swift */,
				3D409041299C6D5D00D0991D /* Open_CampUITestsLaunchTests.swift */,
			);
			path = "Open CampUITests";
			sourceTree = "<group>";
		};
		3DA0D17729AD85AE00F47ED6 /* Onboarding */ = {
			isa = PBXGroup;
			children = (
				3D409026299C6D5B00D0991D /* SignupView.swift */,
				3DA0D17529AD766100F47ED6 /* LoginView.swift */,
			);
			path = Onboarding;
			sourceTree = "<group>";
		};
		3DA0D17829AD85BB00F47ED6 /* MainViews */ = {
			isa = PBXGroup;
			children = (
				3DA0D17929AD87B600F47ED6 /* CampsiteTrackingView.swift */,
				3DA0D17B29AD8CD300F47ED6 /* AddTrackerView.swift */,
				3DA0D17D29AD8D1F00F47ED6 /* AccountView.swift */,
				3DA0D17F29AD8DA600F47ED6 /* MainView.swift */,
				3D720B8129BAA57600C16595 /* CreateTracker.swift */,
				3D478DD529DE3A3D00C4DE8C /* ViewTracker.swift */,
			);
			path = MainViews;
			sourceTree = "<group>";
		};
		3DA0D18129AD98E400F47ED6 /* Frameworks */ = {
			isa = PBXGroup;
			children = (
			);
			name = Frameworks;
			sourceTree = "<group>";
		};
/* End PBXGroup section */

/* Begin PBXNativeTarget section */
		3D409020299C6D5B00D0991D /* Open Camp */ = {
			isa = PBXNativeTarget;
			buildConfigurationList = 3D409045299C6D5D00D0991D /* Build configuration list for PBXNativeTarget "Open Camp" */;
			buildPhases = (
				3D40901D299C6D5B00D0991D /* Sources */,
				3D40901E299C6D5B00D0991D /* Frameworks */,
				3D40901F299C6D5B00D0991D /* Resources */,
			);
			buildRules = (
			);
			dependencies = (
			);
			name = "Open Camp";
			packageProductDependencies = (
				3D409051299C6EE100D0991D /* FirebaseAnalytics */,
				3D409053299C6EE100D0991D /* FirebaseAnalyticsSwift */,
				3D409055299C6EE100D0991D /* FirebaseAuth */,
				3D409057299C6EE100D0991D /* FirebaseDatabaseSwift */,
				3D409059299C6EE100D0991D /* FirebaseFirestore */,
				3D40905B299C6EE100D0991D /* FirebaseFirestoreSwift */,
				3D40905D299C6EE100D0991D /* FirebaseStorage */,
			);
			productName = "Open Camp";
			productReference = 3D409021299C6D5B00D0991D /* Open Camp.app */;
			productType = "com.apple.product-type.application";
		};
		3D409030299C6D5D00D0991D /* Open CampTests */ = {
			isa = PBXNativeTarget;
			buildConfigurationList = 3D409048299C6D5D00D0991D /* Build configuration list for PBXNativeTarget "Open CampTests" */;
			buildPhases = (
				3D40902D299C6D5D00D0991D /* Sources */,
				3D40902E299C6D5D00D0991D /* Frameworks */,
				3D40902F299C6D5D00D0991D /* Resources */,
			);
			buildRules = (
			);
			dependencies = (
				3D409033299C6D5D00D0991D /* PBXTargetDependency */,
			);
			name = "Open CampTests";
			productName = "Open CampTests";
			productReference = 3D409031299C6D5D00D0991D /* Open CampTests.xctest */;
			productType = "com.apple.product-type.bundle.unit-test";
		};
		3D40903A299C6D5D00D0991D /* Open CampUITests */ = {
			isa = PBXNativeTarget;
			buildConfigurationList = 3D40904B299C6D5D00D0991D /* Build configuration list for PBXNativeTarget "Open CampUITests" */;
			buildPhases = (
				3D409037299C6D5D00D0991D /* Sources */,
				3D409038299C6D5D00D0991D /* Frameworks */,
				3D409039299C6D5D00D0991D /* Resources */,
			);
			buildRules = (
			);
			dependencies = (
				3D40903D299C6D5D00D0991D /* PBXTargetDependency */,
			);
			name = "Open CampUITests";
			productName = "Open CampUITests";
			productReference = 3D40903B299C6D5D00D0991D /* Open CampUITests.xctest */;
			productType = "com.apple.product-type.bundle.ui-testing";
		};
/* End PBXNativeTarget section */

/* Begin PBXProject section */
		3D409019299C6D5B00D0991D /* Project object */ = {
			isa = PBXProject;
			attributes = {
				BuildIndependentTargetsInParallel = 1;
				LastSwiftUpdateCheck = 1420;
				LastUpgradeCheck = 1420;
				TargetAttributes = {
					3D409020299C6D5B00D0991D = {
						CreatedOnToolsVersion = 14.2;
					};
					3D409030299C6D5D00D0991D = {
						CreatedOnToolsVersion = 14.2;
						TestTargetID = 3D409020299C6D5B00D0991D;
					};
					3D40903A299C6D5D00D0991D = {
						CreatedOnToolsVersion = 14.2;
						TestTargetID = 3D409020299C6D5B00D0991D;
					};
				};
			};
			buildConfigurationList = 3D40901C299C6D5B00D0991D /* Build configuration list for PBXProject "Open Camp" */;
			compatibilityVersion = "Xcode 14.0";
			developmentRegion = en;
			hasScannedForEncodings = 0;
			knownRegions = (
				en,
				Base,
			);
			mainGroup = 3D409018299C6D5B00D0991D;
			packageReferences = (
				3D409050299C6EE100D0991D /* XCRemoteSwiftPackageReference "firebase-ios-sdk" */,
			);
			productRefGroup = 3D409022299C6D5B00D0991D /* Products */;
			projectDirPath = "";
			projectRoot = "";
			targets = (
				3D409020299C6D5B00D0991D /* Open Camp */,
				3D409030299C6D5D00D0991D /* Open CampTests */,
				3D40903A299C6D5D00D0991D /* Open CampUITests */,
			);
		};
/* End PBXProject section */

/* Begin PBXResourcesBuildPhase section */
		3D40901F299C6D5B00D0991D /* Resources */ = {
			isa = PBXResourcesBuildPhase;
			buildActionMask = 2147483647;
			files = (
				3D40902C299C6D5D00D0991D /* Preview Assets.xcassets in Resources */,
				3D409029299C6D5D00D0991D /* Assets.xcassets in Resources */,
				3D40904F299C6DE600D0991D /* GoogleService-Info.plist in Resources */,
			);
			runOnlyForDeploymentPostprocessing = 0;
		};
		3D40902F299C6D5D00D0991D /* Resources */ = {
			isa = PBXResourcesBuildPhase;
			buildActionMask = 2147483647;
			files = (
			);
			runOnlyForDeploymentPostprocessing = 0;
		};
		3D409039299C6D5D00D0991D /* Resources */ = {
			isa = PBXResourcesBuildPhase;
			buildActionMask = 2147483647;
			files = (
			);
			runOnlyForDeploymentPostprocessing = 0;
		};
/* End PBXResourcesBuildPhase section */

/* Begin PBXSourcesBuildPhase section */
		3D40901D299C6D5B00D0991D /* Sources */ = {
			isa = PBXSourcesBuildPhase;
			buildActionMask = 2147483647;
			files = (
				3DA0D17E29AD8D1F00F47ED6 /* AccountView.swift in Sources */,
				3DA0D18029AD8DA600F47ED6 /* MainView.swift in Sources */,
				3D37228929AEC93A002510B1 /* CampgroundModels.swift in Sources */,
				3D478DD629DE3A3D00C4DE8C /* ViewTracker.swift in Sources */,
				3DA0D18329AD9FDA00F47ED6 /* ContentView.swift in Sources */,
				3D720B8229BAA57700C16595 /* CreateTracker.swift in Sources */,
				3D409027299C6D5B00D0991D /* SignupView.swift in Sources */,
				3DA0D17C29AD8CD300F47ED6 /* AddTrackerView.swift in Sources */,
				3D720B8429BFBFC700C16595 /* FirebaseModels.swift in Sources */,
				3DA0D17A29AD87B700F47ED6 /* CampsiteTrackingView.swift in Sources */,
				3DA0D17629AD766100F47ED6 /* LoginView.swift in Sources */,
				3D409025299C6D5B00D0991D /* Open_CampApp.swift in Sources */,
			);
			runOnlyForDeploymentPostprocessing = 0;
		};
		3D40902D299C6D5D00D0991D /* Sources */ = {
			isa = PBXSourcesBuildPhase;
			buildActionMask = 2147483647;
			files = (
				3D409036299C6D5D00D0991D /* Open_CampTests.swift in Sources */,
			);
			runOnlyForDeploymentPostprocessing = 0;
		};
		3D409037299C6D5D00D0991D /* Sources */ = {
			isa = PBXSourcesBuildPhase;
			buildActionMask = 2147483647;
			files = (
				3D409040299C6D5D00D0991D /* Open_CampUITests.swift in Sources */,
				3D409042299C6D5D00D0991D /* Open_CampUITestsLaunchTests.swift in Sources */,
			);
			runOnlyForDeploymentPostprocessing = 0;
		};
/* End PBXSourcesBuildPhase section */

/* Begin PBXTargetDependency section */
		3D409033299C6D5D00D0991D /* PBXTargetDependency */ = {
			isa = PBXTargetDependency;
			target = 3D409020299C6D5B00D0991D /* Open Camp */;
			targetProxy = 3D409032299C6D5D00D0991D /* PBXContainerItemProxy */;
		};
		3D40903D299C6D5D00D0991D /* PBXTargetDependency */ = {
			isa = PBXTargetDependency;
			target = 3D409020299C6D5B00D0991D /* Open Camp */;
			targetProxy = 3D40903C299C6D5D00D0991D /* PBXContainerItemProxy */;
		};
/* End PBXTargetDependency section */

/* Begin XCBuildConfiguration section */
		3D409043299C6D5D00D0991D /* Debug */ = {
			isa = XCBuildConfiguration;
			buildSettings = {
				ALWAYS_SEARCH_USER_PATHS = NO;
				CLANG_ANALYZER_NONNULL = YES;
				CLANG_ANALYZER_NUMBER_OBJECT_CONVERSION = YES_AGGRESSIVE;
				CLANG_CXX_LANGUAGE_STANDARD = "gnu++20";
				CLANG_ENABLE_MODULES = YES;
				CLANG_ENABLE_OBJC_ARC = YES;
				CLANG_ENABLE_OBJC_WEAK = YES;
				CLANG_WARN_BLOCK_CAPTURE_AUTORELEASING = YES;
				CLANG_WARN_BOOL_CONVERSION = YES;
				CLANG_WARN_COMMA = YES;
				CLANG_WARN_CONSTANT_CONVERSION = YES;
				CLANG_WARN_DEPRECATED_OBJC_IMPLEMENTATIONS = YES;
				CLANG_WARN_DIRECT_OBJC_ISA_USAGE = YES_ERROR;
				CLANG_WARN_DOCUMENTATION_COMMENTS = YES;
				CLANG_WARN_EMPTY_BODY = YES;
				CLANG_WARN_ENUM_CONVERSION = YES;
				CLANG_WARN_INFINITE_RECURSION = YES;
				CLANG_WARN_INT_CONVERSION = YES;
				CLANG_WARN_NON_LITERAL_NULL_CONVERSION = YES;
				CLANG_WARN_OBJC_IMPLICIT_RETAIN_SELF = YES;
				CLANG_WARN_OBJC_LITERAL_CONVERSION = YES;
				CLANG_WARN_OBJC_ROOT_CLASS = YES_ERROR;
				CLANG_WARN_QUOTED_INCLUDE_IN_FRAMEWORK_HEADER = YES;
				CLANG_WARN_RANGE_LOOP_ANALYSIS = YES;
				CLANG_WARN_STRICT_PROTOTYPES = YES;
				CLANG_WARN_SUSPICIOUS_MOVE = YES;
				CLANG_WARN_UNGUARDED_AVAILABILITY = YES_AGGRESSIVE;
				CLANG_WARN_UNREACHABLE_CODE = YES;
				CLANG_WARN__DUPLICATE_METHOD_MATCH = YES;
				COPY_PHASE_STRIP = NO;
				DEBUG_INFORMATION_FORMAT = dwarf;
				ENABLE_STRICT_OBJC_MSGSEND = YES;
				ENABLE_TESTABILITY = YES;
				GCC_C_LANGUAGE_STANDARD = gnu11;
				GCC_DYNAMIC_NO_PIC = NO;
				GCC_NO_COMMON_BLOCKS = YES;
				GCC_OPTIMIZATION_LEVEL = 0;
				GCC_PREPROCESSOR_DEFINITIONS = (
					"DEBUG=1",
					"$(inherited)",
				);
				GCC_WARN_64_TO_32_BIT_CONVERSION = YES;
				GCC_WARN_ABOUT_RETURN_TYPE = YES_ERROR;
				GCC_WARN_UNDECLARED_SELECTOR = YES;
				GCC_WARN_UNINITIALIZED_AUTOS = YES_AGGRESSIVE;
				GCC_WARN_UNUSED_FUNCTION = YES;
				GCC_WARN_UNUSED_VARIABLE = YES;
				IPHONEOS_DEPLOYMENT_TARGET = 16.2;
				MTL_ENABLE_DEBUG_INFO = INCLUDE_SOURCE;
				MTL_FAST_MATH = YES;
				ONLY_ACTIVE_ARCH = YES;
				SDKROOT = iphoneos;
				SWIFT_ACTIVE_COMPILATION_CONDITIONS = DEBUG;
				SWIFT_OPTIMIZATION_LEVEL = "-Onone";
			};
			name = Debug;
		};
		3D409044299C6D5D00D0991D /* Release */ = {
			isa = XCBuildConfiguration;
			buildSettings = {
				ALWAYS_SEARCH_USER_PATHS = NO;
				CLANG_ANALYZER_NONNULL = YES;
				CLANG_ANALYZER_NUMBER_OBJECT_CONVERSION = YES_AGGRESSIVE;
				CLANG_CXX_LANGUAGE_STANDARD = "gnu++20";
				CLANG_ENABLE_MODULES = YES;
				CLANG_ENABLE_OBJC_ARC = YES;
				CLANG_ENABLE_OBJC_WEAK = YES;
				CLANG_WARN_BLOCK_CAPTURE_AUTORELEASING = YES;
				CLANG_WARN_BOOL_CONVERSION = YES;
				CLANG_WARN_COMMA = YES;
				CLANG_WARN_CONSTANT_CONVERSION = YES;
				CLANG_WARN_DEPRECATED_OBJC_IMPLEMENTATIONS = YES;
				CLANG_WARN_DIRECT_OBJC_ISA_USAGE = YES_ERROR;
				CLANG_WARN_DOCUMENTATION_COMMENTS = YES;
				CLANG_WARN_EMPTY_BODY = YES;
				CLANG_WARN_ENUM_CONVERSION = YES;
				CLANG_WARN_INFINITE_RECURSION = YES;
				CLANG_WARN_INT_CONVERSION = YES;
				CLANG_WARN_NON_LITERAL_NULL_CONVERSION = YES;
				CLANG_WARN_OBJC_IMPLICIT_RETAIN_SELF = YES;
				CLANG_WARN_OBJC_LITERAL_CONVERSION = YES;
				CLANG_WARN_OBJC_ROOT_CLASS = YES_ERROR;
				CLANG_WARN_QUOTED_INCLUDE_IN_FRAMEWORK_HEADER = YES;
				CLANG_WARN_RANGE_LOOP_ANALYSIS = YES;
				CLANG_WARN_STRICT_PROTOTYPES = YES;
				CLANG_WARN_SUSPICIOUS_MOVE = YES;
				CLANG_WARN_UNGUARDED_AVAILABILITY = YES_AGGRESSIVE;
				CLANG_WARN_UNREACHABLE_CODE = YES;
				CLANG_WARN__DUPLICATE_METHOD_MATCH = YES;
				COPY_PHASE_STRIP = NO;
				DEBUG_INFORMATION_FORMAT = "dwarf-with-dsym";
				ENABLE_NS_ASSERTIONS = NO;
				ENABLE_STRICT_OBJC_MSGSEND = YES;
				GCC_C_LANGUAGE_STANDARD = gnu11;
				GCC_NO_COMMON_BLOCKS = YES;
				GCC_WARN_64_TO_32_BIT_CONVERSION = YES;
				GCC_WARN_ABOUT_RETURN_TYPE = YES_ERROR;
				GCC_WARN_UNDECLARED_SELECTOR = YES;
				GCC_WARN_UNINITIALIZED_AUTOS = YES_AGGRESSIVE;
				GCC_WARN_UNUSED_FUNCTION = YES;
				GCC_WARN_UNUSED_VARIABLE = YES;
				IPHONEOS_DEPLOYMENT_TARGET = 16.2;
				MTL_ENABLE_DEBUG_INFO = NO;
				MTL_FAST_MATH = YES;
				SDKROOT = iphoneos;
				SWIFT_COMPILATION_MODE = wholemodule;
				SWIFT_OPTIMIZATION_LEVEL = "-O";
				VALIDATE_PRODUCT = YES;
			};
			name = Release;
		};
		3D409046299C6D5D00D0991D /* Debug */ = {
			isa = XCBuildConfiguration;
			buildSettings = {
				ASSETCATALOG_COMPILER_APPICON_NAME = AppIcon;
				ASSETCATALOG_COMPILER_GLOBAL_ACCENT_COLOR_NAME = AccentColor;
				CODE_SIGN_STYLE = Automatic;
				CURRENT_PROJECT_VERSION = 1;
				DEVELOPMENT_ASSET_PATHS = "\"Open Camp/Preview Content\"";
				ENABLE_PREVIEWS = YES;
				GENERATE_INFOPLIST_FILE = YES;
				INFOPLIST_KEY_UIApplicationSceneManifest_Generation = YES;
				INFOPLIST_KEY_UIApplicationSupportsIndirectInputEvents = YES;
				INFOPLIST_KEY_UILaunchScreen_Generation = YES;
				INFOPLIST_KEY_UISupportedInterfaceOrientations_iPad = "UIInterfaceOrientationPortrait UIInterfaceOrientationPortraitUpsideDown UIInterfaceOrientationLandscapeLeft UIInterfaceOrientationLandscapeRight";
				INFOPLIST_KEY_UISupportedInterfaceOrientations_iPhone = "UIInterfaceOrientationPortrait UIInterfaceOrientationLandscapeLeft UIInterfaceOrientationLandscapeRight";
				LD_RUNPATH_SEARCH_PATHS = (
					"$(inherited)",
					"@executable_path/Frameworks",
				);
				MARKETING_VERSION = 1.0;
				PRODUCT_BUNDLE_IDENTIFIER = "NickHerzig.Open-Camp";
				PRODUCT_NAME = "$(TARGET_NAME)";
				SWIFT_EMIT_LOC_STRINGS = YES;
				SWIFT_VERSION = 5.0;
				TARGETED_DEVICE_FAMILY = "1,2";
			};
			name = Debug;
		};
		3D409047299C6D5D00D0991D /* Release */ = {
			isa = XCBuildConfiguration;
			buildSettings = {
				ASSETCATALOG_COMPILER_APPICON_NAME = AppIcon;
				ASSETCATALOG_COMPILER_GLOBAL_ACCENT_COLOR_NAME = AccentColor;
				CODE_SIGN_STYLE = Automatic;
				CURRENT_PROJECT_VERSION = 1;
				DEVELOPMENT_ASSET_PATHS = "\"Open Camp/Preview Content\"";
				ENABLE_PREVIEWS = YES;
				GENERATE_INFOPLIST_FILE = YES;
				INFOPLIST_KEY_UIApplicationSceneManifest_Generation = YES;
				INFOPLIST_KEY_UIApplicationSupportsIndirectInputEvents = YES;
				INFOPLIST_KEY_UILaunchScreen_Generation = YES;
				INFOPLIST_KEY_UISupportedInterfaceOrientations_iPad = "UIInterfaceOrientationPortrait UIInterfaceOrientationPortraitUpsideDown UIInterfaceOrientationLandscapeLeft UIInterfaceOrientationLandscapeRight";
				INFOPLIST_KEY_UISupportedInterfaceOrientations_iPhone = "UIInterfaceOrientationPortrait UIInterfaceOrientationLandscapeLeft UIInterfaceOrientationLandscapeRight";
				LD_RUNPATH_SEARCH_PATHS = (
					"$(inherited)",
					"@executable_path/Frameworks",
				);
				MARKETING_VERSION = 1.0;
				PRODUCT_BUNDLE_IDENTIFIER = "NickHerzig.Open-Camp";
				PRODUCT_NAME = "$(TARGET_NAME)";
				SWIFT_EMIT_LOC_STRINGS = YES;
				SWIFT_VERSION = 5.0;
				TARGETED_DEVICE_FAMILY = "1,2";
			};
			name = Release;
		};
		3D409049299C6D5D00D0991D /* Debug */ = {
			isa = XCBuildConfiguration;
			buildSettings = {
				ALWAYS_EMBED_SWIFT_STANDARD_LIBRARIES = YES;
				BUNDLE_LOADER = "$(TEST_HOST)";
				CODE_SIGN_STYLE = Automatic;
				CURRENT_PROJECT_VERSION = 1;
				GENERATE_INFOPLIST_FILE = YES;
				IPHONEOS_DEPLOYMENT_TARGET = 16.2;
				MARKETING_VERSION = 1.0;
				PRODUCT_BUNDLE_IDENTIFIER = "NickHerzig.Open-CampTests";
				PRODUCT_NAME = "$(TARGET_NAME)";
				SWIFT_EMIT_LOC_STRINGS = NO;
				SWIFT_VERSION = 5.0;
				TARGETED_DEVICE_FAMILY = "1,2";
				TEST_HOST = "$(BUILT_PRODUCTS_DIR)/Open Camp.app/$(BUNDLE_EXECUTABLE_FOLDER_PATH)/Open Camp";
			};
			name = Debug;
		};
		3D40904A299C6D5D00D0991D /* Release */ = {
			isa = XCBuildConfiguration;
			buildSettings = {
				ALWAYS_EMBED_SWIFT_STANDARD_LIBRARIES = YES;
				BUNDLE_LOADER = "$(TEST_HOST)";
				CODE_SIGN_STYLE = Automatic;
				CURRENT_PROJECT_VERSION = 1;
				GENERATE_INFOPLIST_FILE = YES;
				IPHONEOS_DEPLOYMENT_TARGET = 16.2;
				MARKETING_VERSION = 1.0;
				PRODUCT_BUNDLE_IDENTIFIER = "NickHerzig.Open-CampTests";
				PRODUCT_NAME = "$(TARGET_NAME)";
				SWIFT_EMIT_LOC_STRINGS = NO;
				SWIFT_VERSION = 5.0;
				TARGETED_DEVICE_FAMILY = "1,2";
				TEST_HOST = "$(BUILT_PRODUCTS_DIR)/Open Camp.app/$(BUNDLE_EXECUTABLE_FOLDER_PATH)/Open Camp";
			};
			name = Release;
		};
		3D40904C299C6D5D00D0991D /* Debug */ = {
			isa = XCBuildConfiguration;
			buildSettings = {
				ALWAYS_EMBED_SWIFT_STANDARD_LIBRARIES = YES;
				CODE_SIGN_STYLE = Automatic;
				CURRENT_PROJECT_VERSION = 1;
				GENERATE_INFOPLIST_FILE = YES;
				MARKETING_VERSION = 1.0;
				PRODUCT_BUNDLE_IDENTIFIER = "NickHerzig.Open-CampUITests";
				PRODUCT_NAME = "$(TARGET_NAME)";
				SWIFT_EMIT_LOC_STRINGS = NO;
				SWIFT_VERSION = 5.0;
				TARGETED_DEVICE_FAMILY = "1,2";
				TEST_TARGET_NAME = "Open Camp";
			};
			name = Debug;
		};
		3D40904D299C6D5D00D0991D /* Release */ = {
			isa = XCBuildConfiguration;
			buildSettings = {
				ALWAYS_EMBED_SWIFT_STANDARD_LIBRARIES = YES;
				CODE_SIGN_STYLE = Automatic;
				CURRENT_PROJECT_VERSION = 1;
				GENERATE_INFOPLIST_FILE = YES;
				MARKETING_VERSION = 1.0;
				PRODUCT_BUNDLE_IDENTIFIER = "NickHerzig.Open-CampUITests";
				PRODUCT_NAME = "$(TARGET_NAME)";
				SWIFT_EMIT_LOC_STRINGS = NO;
				SWIFT_VERSION = 5.0;
				TARGETED_DEVICE_FAMILY = "1,2";
				TEST_TARGET_NAME = "Open Camp";
			};
			name = Release;
		};
/* End XCBuildConfiguration section */

/* Begin XCConfigurationList section */
		3D40901C299C6D5B00D0991D /* Build configuration list for PBXProject "Open Camp" */ = {
			isa = XCConfigurationList;
			buildConfigurations = (
				3D409043299C6D5D00D0991D /* Debug */,
				3D409044299C6D5D00D0991D /* Release */,
			);
			defaultConfigurationIsVisible = 0;
			defaultConfigurationName = Release;
		};
		3D409045299C6D5D00D0991D /* Build configuration list for PBXNativeTarget "Open Camp" */ = {
			isa = XCConfigurationList;
			buildConfigurations = (
				3D409046299C6D5D00D0991D /* Debug */,
				3D409047299C6D5D00D0991D /* Release */,
			);
			defaultConfigurationIsVisible = 0;
			defaultConfigurationName = Release;
		};
		3D409048299C6D5D00D0991D /* Build configuration list for PBXNativeTarget "Open CampTests" */ = {
			isa = XCConfigurationList;
			buildConfigurations = (
				3D409049299C6D5D00D0991D /* Debug */,
				3D40904A299C6D5D00D0991D /* Release */,
			);
			defaultConfigurationIsVisible = 0;
			defaultConfigurationName = Release;
		};
		3D40904B299C6D5D00D0991D /* Build configuration list for PBXNativeTarget "Open CampUITests" */ = {
			isa = XCConfigurationList;
			buildConfigurations = (
				3D40904C299C6D5D00D0991D /* Debug */,
				3D40904D299C6D5D00D0991D /* Release */,
			);
			defaultConfigurationIsVisible = 0;
			defaultConfigurationName = Release;
		};
/* End XCConfigurationList section */

/* Begin XCRemoteSwiftPackageReference section */
		3D409050299C6EE100D0991D /* XCRemoteSwiftPackageReference "firebase-ios-sdk" */ = {
			isa = XCRemoteSwiftPackageReference;
			repositoryURL = "https://github.com/firebase/firebase-ios-sdk";
			requirement = {
				kind = upToNextMajorVersion;
				minimumVersion = 9.0.0;
			};
		};
/* End XCRemoteSwiftPackageReference section */

/* Begin XCSwiftPackageProductDependency section */
		3D409051299C6EE100D0991D /* FirebaseAnalytics */ = {
			isa = XCSwiftPackageProductDependency;
			package = 3D409050299C6EE100D0991D /* XCRemoteSwiftPackageReference "firebase-ios-sdk" */;
			productName = FirebaseAnalytics;
		};
		3D409053299C6EE100D0991D /* FirebaseAnalyticsSwift */ = {
			isa = XCSwiftPackageProductDependency;
			package = 3D409050299C6EE100D0991D /* XCRemoteSwiftPackageReference "firebase-ios-sdk" */;
			productName = FirebaseAnalyticsSwift;
		};
		3D409055299C6EE100D0991D /* FirebaseAuth */ = {
			isa = XCSwiftPackageProductDependency;
			package = 3D409050299C6EE100D0991D /* XCRemoteSwiftPackageReference "firebase-ios-sdk" */;
			productName = FirebaseAuth;
		};
		3D409057299C6EE100D0991D /* FirebaseDatabaseSwift */ = {
			isa = XCSwiftPackageProductDependency;
			package = 3D409050299C6EE100D0991D /* XCRemoteSwiftPackageReference "firebase-ios-sdk" */;
			productName = FirebaseDatabaseSwift;
		};
		3D409059299C6EE100D0991D /* FirebaseFirestore */ = {
			isa = XCSwiftPackageProductDependency;
			package = 3D409050299C6EE100D0991D /* XCRemoteSwiftPackageReference "firebase-ios-sdk" */;
			productName = FirebaseFirestore;
		};
		3D40905B299C6EE100D0991D /* FirebaseFirestoreSwift */ = {
			isa = XCSwiftPackageProductDependency;
			package = 3D409050299C6EE100D0991D /* XCRemoteSwiftPackageReference "firebase-ios-sdk" */;
			productName = FirebaseFirestoreSwift;
		};
		3D40905D299C6EE100D0991D /* FirebaseStorage */ = {
			isa = XCSwiftPackageProductDependency;
			package = 3D409050299C6EE100D0991D /* XCRemoteSwiftPackageReference "firebase-ios-sdk" */;
			productName = FirebaseStorage;
		};
/* End XCSwiftPackageProductDependency section */
	};
	rootObject = 3D409019299C6D5B00D0991D /* Project object */;
}
